
Microsoft Visual Studio Solution File, Format Version 12.00
# Visual Studio Version 17
VisualStudioVersion = 17.9.34728.123
MinimumVisualStudioVersion = 10.0.40219.1
Project("{FAE04EC0-301F-11D3-BF4B-00C04F79EFBC}") = "final_project_main_code", "final_project_main_code\final_project_main_code.csproj", "{A9F9C201-F463-4A8F-B2F5-0AED36CF123F}"
EndProject
Global
	GlobalSection(SolutionConfigurationPlatforms) = preSolution
		Debug|Any CPU = Debug|Any CPU
		Release|Any CPU = Release|Any CPU
	EndGlobalSection
	GlobalSection(ProjectConfigurationPlatforms) = postSolution
		{A9F9C201-F463-4A8F-B2F5-0AED36CF123F}.Debug|Any CPU.ActiveCfg = Debug|Any CPU
		{A9F9C201-F463-4A8F-B2F5-0AED36CF123F}.Debug|Any CPU.Build.0 = Debug|Any CPU
		{A9F9C201-F463-4A8F-B2F5-0AED36CF123F}.Release|Any CPU.ActiveCfg = Release|Any CPU
		{A9F9C201-F463-4A8F-B2F5-0AED36CF123F}.Release|Any CPU.Build.0 = Release|Any CPU
	EndGlobalSection
	GlobalSection(SolutionProperties) = preSolution
		HideSolutionNode = FALSE
	EndGlobalSection
	GlobalSection(ExtensibilityGlobals) = postSolution
		SolutionGuid = {718B645B-8B07-4E49-A794-6F3BB9E1BED6}
	EndGlobalSection
EndGlobal
